
Microsoft Visual Studio Solution File, Format Version 12.00
# Visual Studio Version 16
VisualStudioVersion = 16.0.808.0
MinimumVisualStudioVersion = 10.0.40219.1
Project("{FAE04EC0-301F-11D3-BF4B-00C04F79EFBC}") = "ThreadTypes", "ThreadTypes\ThreadTypes.csproj", "{583B2F73-ACEA-42B8-A284-65A0194748E7}"
EndProject
Project("{FAE04EC0-301F-11D3-BF4B-00C04F79EFBC}") = "Monitor", "Lock\Monitor.csproj", "{42A32AB0-2D4D-4543-BF4E-EBEC7DF4E4A8}"
EndProject
Project("{FAE04EC0-301F-11D3-BF4B-00C04F79EFBC}") = "ManualResetEvent", "ManualResetEvent\ManualResetEvent.csproj", "{5994EE34-1C1A-4300-BBC4-07B6D3FDFD2E}"
EndProject
Project("{FAE04EC0-301F-11D3-BF4B-00C04F79EFBC}") = "AutoResetEventTest", "AutoResetEventTest\AutoResetEventTest.csproj", "{CA3FC82F-CB1C-456F-B68C-3819006F2034}"
EndProject
Project("{FAE04EC0-301F-11D3-BF4B-00C04F79EFBC}") = "Mutex", "Mutex\Mutex.csproj", "{BC762942-23F3-4454-9543-2A8AAA1B32AF}"
EndProject
Global
	GlobalSection(SolutionConfigurationPlatforms) = preSolution
		Debug|anycpu = Debug|anycpu
		Release|anycpu = Release|anycpu
	EndGlobalSection
	GlobalSection(ProjectConfigurationPlatforms) = postSolution
		{583B2F73-ACEA-42B8-A284-65A0194748E7}.Debug|anycpu.ActiveCfg = Debug|anycpu
		{583B2F73-ACEA-42B8-A284-65A0194748E7}.Debug|anycpu.Build.0 = Debug|anycpu
		{583B2F73-ACEA-42B8-A284-65A0194748E7}.Release|anycpu.ActiveCfg = Release|anycpu
		{583B2F73-ACEA-42B8-A284-65A0194748E7}.Release|anycpu.Build.0 = Release|anycpu
		{42A32AB0-2D4D-4543-BF4E-EBEC7DF4E4A8}.Debug|anycpu.ActiveCfg = Debug|anycpu
		{42A32AB0-2D4D-4543-BF4E-EBEC7DF4E4A8}.Debug|anycpu.Build.0 = Debug|anycpu
		{42A32AB0-2D4D-4543-BF4E-EBEC7DF4E4A8}.Release|anycpu.ActiveCfg = Release|anycpu
		{42A32AB0-2D4D-4543-BF4E-EBEC7DF4E4A8}.Release|anycpu.Build.0 = Release|anycpu
		{5994EE34-1C1A-4300-BBC4-07B6D3FDFD2E}.Debug|anycpu.ActiveCfg = Debug|anycpu
		{5994EE34-1C1A-4300-BBC4-07B6D3FDFD2E}.Debug|anycpu.Build.0 = Debug|anycpu
		{5994EE34-1C1A-4300-BBC4-07B6D3FDFD2E}.Release|anycpu.ActiveCfg = Release|anycpu
		{5994EE34-1C1A-4300-BBC4-07B6D3FDFD2E}.Release|anycpu.Build.0 = Release|anycpu
		{CA3FC82F-CB1C-456F-B68C-3819006F2034}.Debug|anycpu.ActiveCfg = Debug|anycpu
		{CA3FC82F-CB1C-456F-B68C-3819006F2034}.Debug|anycpu.Build.0 = Debug|anycpu
		{CA3FC82F-CB1C-456F-B68C-3819006F2034}.Release|anycpu.ActiveCfg = Release|anycpu
		{CA3FC82F-CB1C-456F-B68C-3819006F2034}.Release|anycpu.Build.0 = Release|anycpu
		{BC762942-23F3-4454-9543-2A8AAA1B32AF}.Debug|anycpu.ActiveCfg = Debug|anycpu
		{BC762942-23F3-4454-9543-2A8AAA1B32AF}.Debug|anycpu.Build.0 = Debug|anycpu
		{BC762942-23F3-4454-9543-2A8AAA1B32AF}.Release|anycpu.ActiveCfg = Release|anycpu
		{BC762942-23F3-4454-9543-2A8AAA1B32AF}.Release|anycpu.Build.0 = Release|anycpu
	EndGlobalSection
	GlobalSection(SolutionProperties) = preSolution
		HideSolutionNode = FALSE
	EndGlobalSection
	GlobalSection(ExtensibilityGlobals) = postSolution
		SolutionGuid = {86977B1F-D72F-4FB7-88F3-CDAAAAAD4645}
	EndGlobalSection
EndGlobal
